
Microsoft Visual Studio Solution File, Format Version 12.00
# Visual Studio Version 17
VisualStudioVersion = 17.7.34202.233
MinimumVisualStudioVersion = 10.0.40219.1
Project("{9A19103F-16F7-4668-BE54-9A1E7A4F7556}") = "CarRentalManagement1.Server", "CarRentalManagement1\Server\CarRentalManagement1.Server.csproj", "{B24118A6-20B6-497B-B41B-89E9428008FD}"
EndProject
Project("{9A19103F-16F7-4668-BE54-9A1E7A4F7556}") = "CarRentalManagement1.Client", "CarRentalManagement1\Client\CarRentalManagement1.Client.csproj", "{2EE36179-E5C0-44A6-861F-351E23BAD08D}"
EndProject
Project("{9A19103F-16F7-4668-BE54-9A1E7A4F7556}") = "CarRentalManagement1.Shared", "CarRentalManagement1\Shared\CarRentalManagement1.Shared.csproj", "{350DFD67-F738-4C4A-9C0B-99F7E3E2E9CF}"
EndProject
Global
	GlobalSection(SolutionConfigurationPlatforms) = preSolution
		Debug|Any CPU = Debug|Any CPU
		Release|Any CPU = Release|Any CPU
	EndGlobalSection
	GlobalSection(ProjectConfigurationPlatforms) = postSolution
		{B24118A6-20B6-497B-B41B-89E9428008FD}.Debug|Any CPU.ActiveCfg = Debug|Any CPU
		{B24118A6-20B6-497B-B41B-89E9428008FD}.Debug|Any CPU.Build.0 = Debug|Any CPU
		{B24118A6-20B6-497B-B41B-89E9428008FD}.Release|Any CPU.ActiveCfg = Release|Any CPU
		{B24118A6-20B6-497B-B41B-89E9428008FD}.Release|Any CPU.Build.0 = Release|Any CPU
		{2EE36179-E5C0-44A6-861F-351E23BAD08D}.Debug|Any CPU.ActiveCfg = Debug|Any CPU
		{2EE36179-E5C0-44A6-861F-351E23BAD08D}.Debug|Any CPU.Build.0 = Debug|Any CPU
		{2EE36179-E5C0-44A6-861F-351E23BAD08D}.Release|Any CPU.ActiveCfg = Release|Any CPU
		{2EE36179-E5C0-44A6-861F-351E23BAD08D}.Release|Any CPU.Build.0 = Release|Any CPU
		{350DFD67-F738-4C4A-9C0B-99F7E3E2E9CF}.Debug|Any CPU.ActiveCfg = Debug|Any CPU
		{350DFD67-F738-4C4A-9C0B-99F7E3E2E9CF}.Debug|Any CPU.Build.0 = Debug|Any CPU
		{350DFD67-F738-4C4A-9C0B-99F7E3E2E9CF}.Release|Any CPU.ActiveCfg = Release|Any CPU
		{350DFD67-F738-4C4A-9C0B-99F7E3E2E9CF}.Release|Any CPU.Build.0 = Release|Any CPU
	EndGlobalSection
	GlobalSection(SolutionProperties) = preSolution
		HideSolutionNode = FALSE
	EndGlobalSection
	GlobalSection(ExtensibilityGlobals) = postSolution
		SolutionGuid = {7C3A2E22-37E1-4D1C-BB9E-869332358948}
	EndGlobalSection
EndGlobal
